
Microsoft Visual Studio Solution File, Format Version 12.00
# Visual Studio 14
VisualStudioVersion = 14.0.24720.0
MinimumVisualStudioVersion = 10.0.40219.1
Project("{FAE04EC0-301F-11D3-BF4B-00C04F79EFBC}") = "01. SoftuniAirlines", "01. SoftuniAirlines\01. SoftuniAirlines.csproj", "{23D36120-3808-495B-8DCA-5900EE1F4014}"
EndProject
Project("{FAE04EC0-301F-11D3-BF4B-00C04F79EFBC}") = "02. SoftUniWaterSupplies", "02. SoftUniWaterSupplies\02. SoftUniWaterSupplies.csproj", "{370A0430-8B13-48D5-AABF-F4B7F1822FC9}"
EndProject
Project("{FAE04EC0-301F-11D3-BF4B-00C04F79EFBC}") = "03. MatrixOperator", "03. MatrixOperator\03. MatrixOperator.csproj", "{7E59BFE7-E70D-4EBF-8FFA-7D9D76D02F61}"
EndProject
Project("{FAE04EC0-301F-11D3-BF4B-00C04F79EFBC}") = "04. SoftuniCoffeeSupplies", "04. SoftuniCoffeeSupplies\04. SoftuniCoffeeSupplies.csproj", "{681B59B0-1427-4ED0-ACF6-8B8B97C8D57D}"
EndProject
Global
	GlobalSection(SolutionConfigurationPlatforms) = preSolution
		Debug|Any CPU = Debug|Any CPU
		Release|Any CPU = Release|Any CPU
	EndGlobalSection
	GlobalSection(ProjectConfigurationPlatforms) = postSolution
		{23D36120-3808-495B-8DCA-5900EE1F4014}.Debug|Any CPU.ActiveCfg = Debug|Any CPU
		{23D36120-3808-495B-8DCA-5900EE1F4014}.Debug|Any CPU.Build.0 = Debug|Any CPU
		{23D36120-3808-495B-8DCA-5900EE1F4014}.Release|Any CPU.ActiveCfg = Release|Any CPU
		{23D36120-3808-495B-8DCA-5900EE1F4014}.Release|Any CPU.Build.0 = Release|Any CPU
		{370A0430-8B13-48D5-AABF-F4B7F1822FC9}.Debug|Any CPU.ActiveCfg = Debug|Any CPU
		{370A0430-8B13-48D5-AABF-F4B7F1822FC9}.Debug|Any CPU.Build.0 = Debug|Any CPU
		{370A0430-8B13-48D5-AABF-F4B7F1822FC9}.Release|Any CPU.ActiveCfg = Release|Any CPU
		{370A0430-8B13-48D5-AABF-F4B7F1822FC9}.Release|Any CPU.Build.0 = Release|Any CPU
		{7E59BFE7-E70D-4EBF-8FFA-7D9D76D02F61}.Debug|Any CPU.ActiveCfg = Debug|Any CPU
		{7E59BFE7-E70D-4EBF-8FFA-7D9D76D02F61}.Debug|Any CPU.Build.0 = Debug|Any CPU
		{7E59BFE7-E70D-4EBF-8FFA-7D9D76D02F61}.Release|Any CPU.ActiveCfg = Release|Any CPU
		{7E59BFE7-E70D-4EBF-8FFA-7D9D76D02F61}.Release|Any CPU.Build.0 = Release|Any CPU
		{681B59B0-1427-4ED0-ACF6-8B8B97C8D57D}.Debug|Any CPU.ActiveCfg = Debug|Any CPU
		{681B59B0-1427-4ED0-ACF6-8B8B97C8D57D}.Debug|Any CPU.Build.0 = Debug|Any CPU
		{681B59B0-1427-4ED0-ACF6-8B8B97C8D57D}.Release|Any CPU.ActiveCfg = Release|Any CPU
		{681B59B0-1427-4ED0-ACF6-8B8B97C8D57D}.Release|Any CPU.Build.0 = Release|Any CPU
	EndGlobalSection
	GlobalSection(SolutionProperties) = preSolution
		HideSolutionNode = FALSE
	EndGlobalSection
EndGlobal
